{
    "version": 3,
    "terraform_version": "0.11.11",
    "serial": 4,
    "lineage": "7f5b5487-3d03-4aa1-566e-0faa82f3e345",
    "modules": [
        {
            "path": [
                "root"
            ],
            "outputs": {
                "AZ": {
                    "sensitive": false,
                    "type": "string",
                    "value": "us-east-1e"
                },
                "arn": {
                    "sensitive": false,
                    "type": "string",
                    "value": "arn:aws:ec2:us-east-1:711056179023:instance/i-0b8c85f77e2d10eb9"
                },
                "cidr": {
                    "sensitive": false,
                    "type": "string",
                    "value": "10.0.0.0/24"
                },
                "instance_id": {
                    "sensitive": false,
                    "type": "string",
                    "value": "i-0b8c85f77e2d10eb9"
                },
                "tenancy": {
                    "sensitive": false,
                    "type": "string",
                    "value": "default"
                },
                "vpc_id": {
                    "sensitive": false,
                    "type": "string",
                    "value": "vpc-0509e42a07b6872df"
                }
            },
            "resources": {
                "aws_instance.new": {
                    "type": "aws_instance",
                    "depends_on": [
                        "aws_subnet.newsubnet"
                    ],
                    "primary": {
                        "id": "i-0b8c85f77e2d10eb9",
                        "attributes": {
                            "ami": "ami-08f3d892de259504d",
                            "arn": "arn:aws:ec2:us-east-1:711056179023:instance/i-0b8c85f77e2d10eb9",
                            "associate_public_ip_address": "false",
                            "availability_zone": "us-east-1e",
                            "cpu_core_count": "1",
                            "cpu_threads_per_core": "1",
                            "credit_specification.#": "1",
                            "credit_specification.0.cpu_credits": "standard",
                            "disable_api_termination": "false",
                            "ebs_block_device.#": "0",
                            "ebs_optimized": "false",
                            "ephemeral_block_device.#": "0",
                            "get_password_data": "false",
                            "hibernation": "false",
                            "iam_instance_profile": "",
                            "id": "i-0b8c85f77e2d10eb9",
                            "instance_state": "running",
                            "instance_type": "t2.micro",
                            "ipv6_address_count": "0",
                            "ipv6_addresses.#": "0",
                            "key_name": "",
                            "metadata_options.#": "1",
                            "metadata_options.0.http_endpoint": "enabled",
                            "metadata_options.0.http_put_response_hop_limit": "1",
                            "metadata_options.0.http_tokens": "optional",
                            "monitoring": "false",
                            "network_interface.#": "0",
                            "outpost_arn": "",
                            "password_data": "",
                            "placement_group": "",
                            "primary_network_interface_id": "eni-0c411ccb12f907cdc",
                            "private_dns": "ip-10-0-0-13.ec2.internal",
                            "private_ip": "10.0.0.13",
                            "public_dns": "",
                            "public_ip": "",
                            "root_block_device.#": "1",
                            "root_block_device.0.delete_on_termination": "true",
                            "root_block_device.0.device_name": "/dev/xvda",
                            "root_block_device.0.encrypted": "false",
                            "root_block_device.0.iops": "100",
                            "root_block_device.0.kms_key_id": "",
                            "root_block_device.0.volume_id": "vol-01a6c23442cc0d4fc",
                            "root_block_device.0.volume_size": "8",
                            "root_block_device.0.volume_type": "gp2",
                            "security_groups.#": "0",
                            "source_dest_check": "true",
                            "subnet_id": "subnet-0f5876401681fe93c",
                            "tags.%": "0",
                            "tenancy": "default",
                            "volume_tags.%": "0",
                            "vpc_security_group_ids.#": "1",
                            "vpc_security_group_ids.899901840": "sg-01842828511773e00"
                        },
                        "meta": {
                            "e2bfb730-ecaa-11e6-8f88-34363bc7c4c0": {
                                "create": 600000000000,
                                "delete": 1200000000000,
                                "update": 600000000000
                            },
                            "schema_version": "1"
                        },
                        "tainted": false
                    },
                    "deposed": [],
                    "provider": "provider.aws"
                },
                "aws_subnet.newsubnet": {
                    "type": "aws_subnet",
                    "depends_on": [
                        "aws_vpc.newvpc"
                    ],
                    "primary": {
                        "id": "subnet-0f5876401681fe93c",
                        "attributes": {
                            "arn": "arn:aws:ec2:us-east-1:711056179023:subnet/subnet-0f5876401681fe93c",
                            "assign_ipv6_address_on_creation": "false",
                            "availability_zone": "us-east-1e",
                            "availability_zone_id": "use1-az3",
                            "cidr_block": "10.0.0.0/24",
                            "id": "subnet-0f5876401681fe93c",
                            "ipv6_cidr_block": "",
                            "ipv6_cidr_block_association_id": "",
                            "map_public_ip_on_launch": "false",
                            "outpost_arn": "",
                            "owner_id": "711056179023",
                            "tags.%": "0",
                            "vpc_id": "vpc-0509e42a07b6872df"
                        },
                        "meta": {
                            "e2bfb730-ecaa-11e6-8f88-34363bc7c4c0": {
                                "create": 600000000000,
                                "delete": 1200000000000
                            },
                            "schema_version": "1"
                        },
                        "tainted": false
                    },
                    "deposed": [],
                    "provider": "provider.aws"
                },
                "aws_vpc.newvpc": {
                    "type": "aws_vpc",
                    "depends_on": [],
                    "primary": {
                        "id": "vpc-0509e42a07b6872df",
                        "attributes": {
                            "arn": "arn:aws:ec2:us-east-1:711056179023:vpc/vpc-0509e42a07b6872df",
                            "assign_generated_ipv6_cidr_block": "false",
                            "cidr_block": "10.0.0.0/24",
                            "default_network_acl_id": "acl-03b4e1e7f398ce5bf",
                            "default_route_table_id": "rtb-07043ebb9479ededa",
                            "default_security_group_id": "sg-01842828511773e00",
                            "dhcp_options_id": "dopt-51bd742b",
                            "enable_classiclink": "false",
                            "enable_classiclink_dns_support": "false",
                            "enable_dns_hostnames": "true",
                            "enable_dns_support": "true",
                            "id": "vpc-0509e42a07b6872df",
                            "instance_tenancy": "default",
                            "ipv6_association_id": "",
                            "ipv6_cidr_block": "",
                            "main_route_table_id": "rtb-07043ebb9479ededa",
                            "owner_id": "711056179023",
                            "tags.%": "0"
                        },
                        "meta": {
                            "schema_version": "1"
                        },
                        "tainted": false
                    },
                    "deposed": [],
                    "provider": "provider.aws"
                }
            },
            "depends_on": []
        }
    ]
}
